{
    "_meta": {
        "hash": {
            "sha256": "752c574058c1ef3fe3cc76c3264d7da69187a9095e6007ba7389c093001fcdba"
        },
        "pipfile-spec": 6,
        "requires": {
            "python_version": "3.9"
        },
        "sources": [
            {
                "name": "pypi",
                "url": "https://pypi.org/simple",
                "verify_ssl": true
            }
        ]
    },
    "default": {
        "cx-freeze": {
            "hashes": [
                "sha256:04453a2de82f81356be1c183ee0ab2fbf024791451970dbdde4f9f1bf6301b6a",
                "sha256:07428f54a17cb6e8a889030a357edb6398c1c90b998564b90399e028f538930b",
                "sha256:09ccf1c96354d11f694f1a9f6887b069d40fcf853b1b819d2308747d62efebb7",
                "sha256:0c141cba6f9e9e9923b1cfbbb0cb44655848bf50c57249d8058fe388c18116f3",
                "sha256:0fa63ae171ee34dd644331ad9cba0e1627036a11ef23b0ce8569229e4546762f",
                "sha256:1897bb479e9ad1d5ff339eb2f59009f618e4651e33f1dd695500b36c29045c75",
                "sha256:4324f1abf6e0d0a017e9fabb0f3805acd08f5b3b7eb059395e08e7ff2b6e9b83",
                "sha256:44cb609f7849176e06fe12bb52459de31a3b68fc1d72279e9b081f18c9276c7a",
                "sha256:5b92dda05bd7d5c1a2632de837ea738d73070af6effc035a016ab820ee1ec51a",
                "sha256:630d0d0d3bcdc69df9af0cc02d84a9ab4f9305bc74513058e30042bfc379dd20",
                "sha256:70835e9d6475fb9a7f207d74bd0f3be1bd2d59b6cd09941e032ae512e7fdedee",
                "sha256:81a6a56b8ad83635a441eb0049cff65993c53fcf7c46f49b4cf31998facb24d6",
                "sha256:81cacbc22c0f3be8e3807b9690c73eb682b16e5a2358f6bd213af6bf88402061",
                "sha256:8274f4d1c696e6e824f98423b4afa618db4eadecb554d2948c364cb524e46bde",
                "sha256:83bb02fa03e0c52fdb078b064cb1c17cf6c0410bd74e768ade10d1708c324b74",
                "sha256:868837ca628fe9501c317e475f68d04f442f98e6174cb77b7ec413061e3613d7",
                "sha256:920e6ff71b7fe1dd77d7a01b7de04a7856ba4803964ce2acab1962d2212a2746",
                "sha256:986e666a8473e699f2a4ba689cfa017a4955ed79a56e2093df55af8ca3bff56f",
                "sha256:c2315a1634108fc94398bef3ef63435d53c8ecd1cbcce9e05c4bcca61a833d62",
                "sha256:c461fc3a33cbdfc2b6bbdd02cb0ea048d496e9e33067489cae778d929379bee8",
                "sha256:dfbb70832ecb461798d8d19ca110c1c2f8a622475d22ec49c143a8abf19339b0",
                "sha256:e9a3f3d7934b93f1a73579f4b19fc7ee37556bee46768e6e8c54ac0d469a8918",
                "sha256:ea2f4f5bea120f88d53ca32a71ccf1b6758dc82ed468f944338ed8535eec550e",
                "sha256:ee81a20340f830182fba3e42b32a0fb1e455324d6d6c3f6c3b3020d619e04c2d",
                "sha256:f4da77d44b910d4b18fbe95a487ddc081ebe5cd4f35971b496c1fff0420cf495"
            ],
            "index": "pypi",
            "version": "==6.11.0"
        },
        "cx-logging": {
            "hashes": [
                "sha256:04e4b61e2636dc8ae135937655af6626362aefc7f6175e86888a244b61001823",
                "sha256:0df4be47c5022cc54316949e283403214568ef599817ced0c0972183d6d4fabb",
                "sha256:1bf0ebc79a7baa331c7deaf57088c234b82710286dfad453ff0c55eee0122b72",
                "sha256:203ca92ee7c15d5dfe1fcdfcef7b39d0123eba5c6d8c2388b6e7db6b961a5362",
                "sha256:20daa71b2a30f61d09bcf55dbda002c10f0c7c691f53cb393fc6485410fa2484",
                "sha256:302e9c4f65a936c288a4fa59a90e7e142d9ef994aa29676731acafdcccdbb3f5",
                "sha256:5be5f905e8d34a3326e28d428674cdc2d57912fdf6e25b8676d63f76294eb4e0",
                "sha256:9fcd297e5c51470521c47eff0f86ba844aeca6be97e13c3e2114ebdf03fa3c96",
                "sha256:b6f4a9b750e02a180517f779d174a1c7db651981cd37e5623235b87da9774dfd",
                "sha256:ba8a7465facf7b98d8f494030fb481a2e8aeee29dc191e10383bb54ed42bdb34",
                "sha256:bb2e91019e5905415f795eef994de60ace5ae186fc4fe3d358e2d8feebb24992",
                "sha256:d98a59a47e99fa430b3f6d2a979e27509852d2c43e204f43bd0168e7ec97f469",
                "sha256:e7cca28e8ee4082654b6062cc4d06f83d48f1a7e2d152bab020c9e3e373afb90"
            ],
            "markers": "sys_platform == 'win32' and python_version < '3.10'",
            "version": "==3.0"
        },
        "greenlet": {
            "hashes": [
                "sha256:0051c6f1f27cb756ffc0ffbac7d2cd48cb0362ac1736871399a739b2885134d3",
                "sha256:00e44c8afdbe5467e4f7b5851be223be68adb4272f44696ee71fe46b7036a711",
                "sha256:013d61294b6cd8fe3242932c1c5e36e5d1db2c8afb58606c5a67efce62c1f5fd",
                "sha256:049fe7579230e44daef03a259faa24511d10ebfa44f69411d99e6a184fe68073",
                "sha256:14d4f3cd4e8b524ae9b8aa567858beed70c392fdec26dbdb0a8a418392e71708",
                "sha256:166eac03e48784a6a6e0e5f041cfebb1ab400b394db188c48b3a84737f505b67",
                "sha256:17ff94e7a83aa8671a25bf5b59326ec26da379ace2ebc4411d690d80a7fbcf23",
                "sha256:1e12bdc622676ce47ae9abbf455c189e442afdde8818d9da983085df6312e7a1",
                "sha256:21915eb821a6b3d9d8eefdaf57d6c345b970ad722f856cd71739493ce003ad08",
                "sha256:288c6a76705dc54fba69fbcb59904ae4ad768b4c768839b8ca5fdadec6dd8cfd",
                "sha256:2bde6792f313f4e918caabc46532aa64aa27a0db05d75b20edfc5c6f46479de2",
                "sha256:32ca72bbc673adbcfecb935bb3fb1b74e663d10a4b241aaa2f5a75fe1d1f90aa",
                "sha256:356b3576ad078c89a6107caa9c50cc14e98e3a6c4874a37c3e0273e4baf33de8",
                "sha256:40b951f601af999a8bf2ce8c71e8aaa4e8c6f78ff8afae7b808aae2dc50d4c40",
                "sha256:572e1787d1460da79590bf44304abbc0a2da944ea64ec549188fa84d89bba7ab",
                "sha256:58df5c2a0e293bf665a51f8a100d3e9956febfbf1d9aaf8c0677cf70218910c6",
                "sha256:64e6175c2e53195278d7388c454e0b30997573f3f4bd63697f88d855f7a6a1fc",
                "sha256:7227b47e73dedaa513cdebb98469705ef0d66eb5a1250144468e9c3097d6b59b",
                "sha256:7418b6bfc7fe3331541b84bb2141c9baf1ec7132a7ecd9f375912eca810e714e",
                "sha256:7cbd7574ce8e138bda9df4efc6bf2ab8572c9aff640d8ecfece1b006b68da963",
                "sha256:7ff61ff178250f9bb3cd89752df0f1dd0e27316a8bd1465351652b1b4a4cdfd3",
                "sha256:833e1551925ed51e6b44c800e71e77dacd7e49181fdc9ac9a0bf3714d515785d",
                "sha256:8639cadfda96737427330a094476d4c7a56ac03de7265622fcf4cfe57c8ae18d",
                "sha256:8c5d5b35f789a030ebb95bff352f1d27a93d81069f2adb3182d99882e095cefe",
                "sha256:8c790abda465726cfb8bb08bd4ca9a5d0a7bd77c7ac1ca1b839ad823b948ea28",
                "sha256:8d2f1fb53a421b410751887eb4ff21386d119ef9cde3797bf5e7ed49fb51a3b3",
                "sha256:903bbd302a2378f984aef528f76d4c9b1748f318fe1294961c072bdc7f2ffa3e",
                "sha256:93f81b134a165cc17123626ab8da2e30c0455441d4ab5576eed73a64c025b25c",
                "sha256:95e69877983ea39b7303570fa6760f81a3eec23d0e3ab2021b7144b94d06202d",
                "sha256:9633b3034d3d901f0a46b7939f8c4d64427dfba6bbc5a36b1a67364cf148a1b0",
                "sha256:97e5306482182170ade15c4b0d8386ded995a07d7cc2ca8f27958d34d6736497",
                "sha256:9f3cba480d3deb69f6ee2c1825060177a22c7826431458c697df88e6aeb3caee",
                "sha256:aa5b467f15e78b82257319aebc78dd2915e4c1436c3c0d1ad6f53e47ba6e2713",
                "sha256:abb7a75ed8b968f3061327c433a0fbd17b729947b400747c334a9c29a9af6c58",
                "sha256:aec52725173bd3a7b56fe91bc56eccb26fbdff1386ef123abb63c84c5b43b63a",
                "sha256:b11548073a2213d950c3f671aa88e6f83cda6e2fb97a8b6317b1b5b33d850e06",
                "sha256:b1692f7d6bc45e3200844be0dba153612103db241691088626a33ff1f24a0d88",
                "sha256:b336501a05e13b616ef81ce329c0e09ac5ed8c732d9ba7e3e983fcc1a9e86965",
                "sha256:b8c008de9d0daba7b6666aa5bbfdc23dcd78cafc33997c9b7741ff6353bafb7f",
                "sha256:b92e29e58bef6d9cfd340c72b04d74c4b4e9f70c9fa7c78b674d1fec18896dc4",
                "sha256:be5f425ff1f5f4b3c1e33ad64ab994eed12fc284a6ea71c5243fd564502ecbe5",
                "sha256:dd0b1e9e891f69e7675ba5c92e28b90eaa045f6ab134ffe70b52e948aa175b3c",
                "sha256:e30f5ea4ae2346e62cedde8794a56858a67b878dd79f7df76a0767e356b1744a",
                "sha256:e6a36bb9474218c7a5b27ae476035497a6990e21d04c279884eb10d9b290f1b1",
                "sha256:e859fcb4cbe93504ea18008d1df98dee4f7766db66c435e4882ab35cf70cac43",
                "sha256:eb6ea6da4c787111adf40f697b4e58732ee0942b5d3bd8f435277643329ba627",
                "sha256:ec8c433b3ab0419100bd45b47c9c8551248a5aee30ca5e9d399a0b57ac04651b",
                "sha256:eff9d20417ff9dcb0d25e2defc2574d10b491bf2e693b4e491914738b7908168",
                "sha256:f0214eb2a23b85528310dad848ad2ac58e735612929c8072f6093f3585fd342d",
                "sha256:f276df9830dba7a333544bd41070e8175762a7ac20350786b322b714b0e654f5",
                "sha256:f3acda1924472472ddd60c29e5b9db0cec629fbe3c5c5accb74d6d6d14773478",
                "sha256:f70a9e237bb792c7cc7e44c531fd48f5897961701cdaa06cf22fc14965c496cf",
                "sha256:f9d29ca8a77117315101425ec7ec2a47a22ccf59f5593378fc4077ac5b754fce",
                "sha256:fa877ca7f6b48054f847b61d6fa7bed5cebb663ebc55e018fda12db09dcc664c",
                "sha256:fdcec0b8399108577ec290f55551d926d9a1fa6cad45882093a7a07ac5ec147b"
            ],
            "markers": "python_version >= '3' and (platform_machine == 'aarch64' or (platform_machine == 'ppc64le' or (platform_machine == 'x86_64' or (platform_machine == 'amd64' or (platform_machine == 'AMD64' or (platform_machine == 'win32' or platform_machine == 'WIN32'))))))",
            "version": "==1.1.2"
        },
        "importlib-metadata": {
            "hashes": [
                "sha256:5d26852efe48c0a32b0509ffbc583fda1a2266545a78d104a6f4aff3db17d700",
                "sha256:c58c8eb8a762858f49e18436ff552e83914778e50e9d2f1660535ffb364552ec"
            ],
            "markers": "python_version < '3.10'",
            "version": "==4.11.4"
        },
        "lief": {
            "hashes": [
                "sha256:0df84ac2df20b14db12e69442d39b0e8cd89428ba3b131995e0570bcd3725460",
                "sha256:1c4019dddf03a5185462fb5ea04327cee08d40f46777b02f0773c7dc294552ea",
                "sha256:2d3ab7212da696bcbe5ca9dd78ceaa32dfb8a0e85e18001793b4441ef4624561",
                "sha256:4360b0acd525ba77777cc38f0e5128c90c93cc4e91ab566ef3aa45b7f8a8c57e",
                "sha256:44012da4c32c670a97bb8a055a4ff16168cfaa757d03986f319aa3329a43e343",
                "sha256:443e4494df448ea1a021976258c7a6aca27d81b0612783fa3a84fab196fb9fcb",
                "sha256:4fbbc9d520de87ac22210c62d22a9b088e5460f9a028741311e6f68ef8877ddd",
                "sha256:4ff4ccfae2e1ee4ccba2b5556027dbb56282b8a973c5835c5b597e8b7b664416",
                "sha256:5771f5226b62c885a7aa30c1b98040d39229a1dab889d03155e5538e57d0054b",
                "sha256:5d746f7eb6d3bf35a0230c7184aaaf434cb1ea89d7e7c8e8fe14a49cf2bb17a0",
                "sha256:5e82e466d36cbabb28cc1a787b554d2feae5ab55c39cab58ef64fb6513bad92a",
                "sha256:7dea6b3f17d362f93165379c46dadb012c73b1f751c8ceac256e5f43842cd86d",
                "sha256:8ec307a762505076a6d31566225a231c44ec7063c0e7d751ac4654c674454c47",
                "sha256:960a2da9f28c8d5dba753bb9ab77e26b3c6ff9b9658918be95650ceb8ee91e68",
                "sha256:9fa6269ec4fa3f874b807fbba3c48a46af30df2497723f6966080e3eb630cb26",
                "sha256:a755f6088d3b2041e4402adf917ac87e5ad9d1c5278973f48a29a5631fe393eb",
                "sha256:a78b05cac5fa491e01e1819573bbbbcaea0a4229f4aa3a2edb231b5695ddaf2d",
                "sha256:b845eca79c772041efb38b50cfaf951e24bc047ec462450b7e54e75b7e2bee0d",
                "sha256:d29f91d9f64f67d3ada5b7e0e48ab084d825fb4601d32d9fecdd2bdf23cdad23",
                "sha256:d7e09968f99ddf1e3983d3bcc16c62d1b6635a345fee8d8139f82b31bad457d6",
                "sha256:dab63876113bd573d64ce043f50153f6e2810e5e78256397aa0fe1fedf82ab84",
                "sha256:e1d23997b0a71d34e766ff183be07854c6f698fd3d6aa44bf30b6b7f4f77ef55",
                "sha256:efa0022a3bf70ef46335639e61b946cc2d9cf012d60e263c215e3e64b1ce38b4",
                "sha256:f1292bff96579c18e01e20b7a14043052379fe6e9a476c1d6d88aca43e5f9ac7"
            ],
            "markers": "sys_platform == 'win32'",
            "version": "==0.12.1"
        },
        "packaging": {
            "hashes": [
                "sha256:dd47c42927d89ab911e606518907cc2d3a1f38bbd026385970643f9c5b8ecfeb",
                "sha256:ef103e05f519cdc783ae24ea4e2e0f508a9c99b2d4969652eed6a2e1ea5bd522"
            ],
            "markers": "python_version >= '3.6'",
            "version": "==21.3"
        },
        "pyparsing": {
            "hashes": [
                "sha256:2b020ecf7d21b687f219b71ecad3631f644a47f01403fa1d1036b0c6416d70fb",
                "sha256:5026bae9a10eeaefb61dab2f09052b9f4307d44aee4eda64b309723d8d206bbc"
            ],
            "markers": "python_full_version >= '3.6.8'",
            "version": "==3.0.9"
        },
        "pyqt5": {
            "hashes": [
                "sha256:33ced1c876f6a26e7899615a5a4efef2167c263488837c7beed023a64cebd051",
                "sha256:80343bcab95ffba619f2ed2467fd828ffeb0a251ad7225be5fc06dcc333af452",
                "sha256:9d2dcdaf82263ae56023410a7af15d1fd746c8e361733a7d0d1bd1f004ec2793",
                "sha256:9d6efad0377aa78bf081a20ac752ce86096ded18f04c592d98f5b92dc879ad0a",
                "sha256:f411ecda52e488e1d3c5cce7563e1b2ca9cf0b7531e3c25b03d9a7e56e07e7fc"
            ],
            "index": "pypi",
            "version": "==5.15.6"
        },
        "pyqt5-qt5": {
            "hashes": [
                "sha256:1988f364ec8caf87a6ee5d5a3a5210d57539988bf8e84714c7d60972692e2f4a",
                "sha256:750b78e4dba6bdf1607febedc08738e318ea09e9b10aea9ff0d73073f11f6962",
                "sha256:76980cd3d7ae87e3c7a33bfebfaee84448fd650bad6840471d6cae199b56e154",
                "sha256:9cc7a768b1921f4b982ebc00a318ccb38578e44e45316c7a4a850e953e1dd327"
            ],
            "version": "==5.15.2"
        },
        "pyqt5-sip": {
            "hashes": [
                "sha256:023de82b23a7e97369588dd6e411dd2bfbedbbcfb4c7f9c2ecaa9e29fc46a81e",
                "sha256:087a7c0ebff00bca73788588b61b50063e17fcdb26977317d1785cb241a66a56",
                "sha256:0ba8c0751b46561542b5a6bb1b703faad10a205d9375ebc607b1c9f858bfe5b1",
                "sha256:2378bda30ee2b7a568086952658ba8daad8f0f71fc335f696423ee9b3b4028db",
                "sha256:3a92bd103dad59c2bfbb1062420c2e7bcf134dfce800f6a8c9964c99a590162d",
                "sha256:5e8472a959ec85f94d4810326505076b55eb4d8b2e08dbd5d87bd1907c59680c",
                "sha256:8024347c865a7f0c6581b460cc18dbea1c401733300bc3cb76f74c9432a2b0ae",
                "sha256:8504991216ff94ca1eaba39a6e6497e6ed860f1fc659f6c14ebfccf43733c02f",
                "sha256:90f8cde3b446799800bc7c2d89a4fef5d8316d9f4c2f06daf4f6976d1c68fdfa",
                "sha256:97e008795c453488f51a5c97dbff29cda7841afb1ca842c9e819d8e6cc0ae724",
                "sha256:a345bed4112d44705340e4033a2abc66d8dbd4afd62f3a9aa69253f15718df53",
                "sha256:a83c7ba53e04e05cf1bcd18639080dd44196cf248773f34b1e9b831c11a1e198",
                "sha256:b2852df169f349e37999fc425f2d0abd004d09219354a55d3b4c6dd574b3fe84",
                "sha256:ba89547fc54403bbdcb7ee6066098d02d18d813f29b7de2434043a357bb79f6b",
                "sha256:d31f6f05777c8ee0828daeb5cb4a15d4124c63d94cacb07faa2dbc79f72209ea",
                "sha256:dda92bfaee40fd612c6b1e2614570d6acc8ec63032c6fd45d5e66badd18d387c",
                "sha256:e70c961eb982cfc866a988cfe4fab16741d480d885203e04b539ecf32b53c6b7"
            ],
            "markers": "python_version >= '3.7'",
            "version": "==12.10.1"
        },
        "setuptools": {
            "hashes": [
                "sha256:6599055eeb23bfef457d5605d33a4d68804266e6cb430b0fb12417c5efeae36c",
                "sha256:782ef48d58982ddb49920c11a0c5c9c0b02e7d7d1c2ad0aa44e1a1e133051c96"
            ],
            "markers": "python_version >= '3.7'",
            "version": "==60.10.0"
        },
        "sqlalchemy": {
            "hashes": [
                "sha256:06ec11a5e6a4b6428167d3ce33b5bd455c020c867dabe3e6951fa98836e0741d",
                "sha256:0e7fd52e48e933771f177c2a1a484b06ea03774fc7741651ebdf19985a34037c",
                "sha256:139c50b9384e6d32a74fc4dcd0e9717f343ed38f95dbacf832c782c68e3862f3",
                "sha256:17417327b87a0f703c9a20180f75e953315207d048159aff51822052f3e33e69",
                "sha256:29a742c29fea12259f1d2a9ee2eb7fe4694a85d904a4ac66d15e01177b17ad7f",
                "sha256:2aac2a685feb9882d09f457f4e5586c885d578af4e97a2b759e91e8c457cbce5",
                "sha256:3197441772dc3b1c6419f13304402f2418a18d7fe78000aa5a026e7100836739",
                "sha256:3688f92c62db6c5df268e2264891078f17ecb91e3141b400f2e28d0f75796dea",
                "sha256:3862a069a24f354145e01a76c7c720c263d62405fe5bed038c46a7ce900f5dd6",
                "sha256:4c1d9fb3931e27d59166bb5c4dcc911400fee51082cfba66ceb19ac954ade068",
                "sha256:4e8706919829d455a9fa687c6bbd1b048e36fec3919a59f2d366247c2bfdbd9c",
                "sha256:50c8eaf44c3fed5ba6758d375de25f163e46137c39fda3a72b9ee1d1bb327dfc",
                "sha256:5e4e517ce72fad35cce364a01aff165f524449e9c959f1837dc71088afa2824c",
                "sha256:6629c79967a6c92e33fad811599adf9bc5cee6e504a1027bbf9cc1b6fb2d276d",
                "sha256:78363f400fbda80f866e8e91d37d36fe6313ff847ded08674e272873c1377ea5",
                "sha256:7a44683cf97744a405103ef8fdd31199e9d7fc41b4a67e9044523b29541662b0",
                "sha256:7e579d6e281cc937bdb59917017ab98e618502067e04efb1d24ac168925e1d2a",
                "sha256:7ee34c85cbda7779d66abac392c306ec78c13f5c73a1f01b8b767916d4895d23",
                "sha256:8b38e088659b30c2ca0af63e5d139fad1779a7925d75075a08717a21c406c0f6",
                "sha256:9785d6f962d2c925aeb06a7539ac9d16608877da6aeaaf341984b3693ae80a02",
                "sha256:a91d0668cada27352432f15b92ac3d43e34d8f30973fa8b86f5e9fddee928f3b",
                "sha256:a940c551cfbd2e1e646ceea2777944425f5c3edff914bc808fe734d9e66f8d71",
                "sha256:aaa0e90e527066409c2ea5676282cf4afb4a40bb9dce0f56c8ec2768bff22a6e",
                "sha256:b4c92823889cf9846b972ee6db30c0e3a92c0ddfc76c6060a6cda467aa5fb694",
                "sha256:b55932fd0e81b43f4aff397c8ad0b3c038f540af37930423ab8f47a20b117e4c",
                "sha256:c37885f83b59e248bebe2b35beabfbea398cb40960cdc6d3a76eac863d4e1938",
                "sha256:caca6acf3f90893d7712ae2c6616ecfeac3581b4cc677c928a330ce6fbad4319",
                "sha256:cffc67cdd07f0e109a1fc83e333972ae423ea5ad414585b63275b66b870ea62b",
                "sha256:d4c3b009c9220ae6e33f17b45f43fb46b9a1d281d76118405af13e26376f2e11",
                "sha256:d58f2d9d1a4b1459e8956a0153a4119da80f54ee5a9ea623cd568e99459a3ef1",
                "sha256:d6927c9e3965b194acf75c8e0fb270b4d54512db171f65faae15ef418721996e",
                "sha256:d9050b0c4a7f5538650c74aaba5c80cd64450e41c206f43ea6d194ae6d060ff9",
                "sha256:eec39a17bab3f69c44c9df4e0ed87c7306f2d2bf1eca3070af644927ec4199fa",
                "sha256:f9940528bf9c4df9e3c3872d23078b6b2da6431c19565637c09f1b88a427a684",
                "sha256:ffe487570f47536b96eff5ef2b84034a8ba4e19aab5ab7647e677d94a119ea55"
            ],
            "index": "pypi",
            "version": "==1.4.37"
        },
        "zipp": {
            "hashes": [
                "sha256:56bf8aadb83c24db6c4b577e13de374ccfb67da2078beba1d037c17980bf43ad",
                "sha256:c4f6e5bbf48e74f7a38e7cc5b0480ff42b0ae5178957d564d18932525d5cf099"
            ],
            "markers": "python_version >= '3.7'",
            "version": "==3.8.0"
        }
    },
    "develop": {}
}
